// !$*UTF8*$!
{
	archiveVersion = 1;
	classes = {
	};
	objectVersion = 50;
	objects = {

/* Begin PBXBuildFile section */
		84549D1323B61F6500DB06BF /* AppDelegate.swift in Sources */ = {isa = PBXBuildFile; fileRef = 84549D1223B61F6500DB06BF /* AppDelegate.swift */; };
		84549D1523B61F6500DB06BF /* SceneDelegate.swift in Sources */ = {isa = PBXBuildFile; fileRef = 84549D1423B61F6500DB06BF /* SceneDelegate.swift */; };
		84549D1723B61F6500DB06BF /* ViewController.swift in Sources */ = {isa = PBXBuildFile; fileRef = 84549D1623B61F6500DB06BF /* ViewController.swift */; };
		84549D1A23B61F6500DB06BF /* Main.storyboard in Resources */ = {isa = PBXBuildFile; fileRef = 84549D1823B61F6500DB06BF /* Main.storyboard */; };
		84549D1C23B61F6900DB06BF /* Assets.xcassets in Resources */ = {isa = PBXBuildFile; fileRef = 84549D1B23B61F6900DB06BF /* Assets.xcassets */; };
		84549D1F23B61F6900DB06BF /* LaunchScreen.storyboard in Resources */ = {isa = PBXBuildFile; fileRef = 84549D1D23B61F6900DB06BF /* LaunchScreen.storyboard */; };
		84549D2A23B61F6900DB06BF /* SampleProjectTests.swift in Sources */ = {isa = PBXBuildFile; fileRef = 84549D2923B61F6900DB06BF /* SampleProjectTests.swift */; };
		84589B2924584037003ED483 /* Dependence.swift in Sources */ = {isa = PBXBuildFile; fileRef = 84589B1724584037003ED483 /* Dependence.swift */; };
		84589B2A24584037003ED483 /* Storyboards.swift in Sources */ = {isa = PBXBuildFile; fileRef = 84589B2824584037003ED483 /* Storyboards.swift */; };
		9BB251D769BBFCC2DB7F17E3 /* Pods_SampleProject.framework in Frameworks */ = {isa = PBXBuildFile; fileRef = 9E5AC1646D15D6361C42BC2E /* Pods_SampleProject.framework */; };
/* End PBXBuildFile section */

/* Begin PBXContainerItemProxy section */
		84549D2623B61F6900DB06BF /* PBXContainerItemProxy */ = {
			isa = PBXContainerItemProxy;
			containerPortal = 84549D0723B61F6500DB06BF /* Project object */;
			proxyType = 1;
			remoteGlobalIDString = 84549D0E23B61F6500DB06BF;
			remoteInfo = SampleProject;
		};
/* End PBXContainerItemProxy section */

/* Begin PBXFileReference section */
		24DB2C1F43D45FF909B6364D /* Pods-SampleProject.release.xcconfig */ = {isa = PBXFileReference; includeInIndex = 1; lastKnownFileType = text.xcconfig; name = "Pods-SampleProject.release.xcconfig"; path = "Target Support Files/Pods-SampleProject/Pods-SampleProject.release.xcconfig"; sourceTree = "<group>"; };
		84549D0F23B61F6500DB06BF /* SampleProject.app */ = {isa = PBXFileReference; explicitFileType = wrapper.application; includeInIndex = 0; path = SampleProject.app; sourceTree = BUILT_PRODUCTS_DIR; };
		84549D1223B61F6500DB06BF /* AppDelegate.swift */ = {isa = PBXFileReference; lastKnownFileType = sourcecode.swift; path = AppDelegate.swift; sourceTree = "<group>"; };
		84549D1423B61F6500DB06BF /* SceneDelegate.swift */ = {isa = PBXFileReference; lastKnownFileType = sourcecode.swift; path = SceneDelegate.swift; sourceTree = "<group>"; };
		84549D1623B61F6500DB06BF /* ViewController.swift */ = {isa = PBXFileReference; lastKnownFileType = sourcecode.swift; path = ViewController.swift; sourceTree = "<group>"; };
		84549D1923B61F6500DB06BF /* Base */ = {isa = PBXFileReference; lastKnownFileType = file.storyboard; name = Base; path = Base.lproj/Main.storyboard; sourceTree = "<group>"; };
		84549D1B23B61F6900DB06BF /* Assets.xcassets */ = {isa = PBXFileReference; lastKnownFileType = folder.assetcatalog; path = Assets.xcassets; sourceTree = "<group>"; };
		84549D1E23B61F6900DB06BF /* Base */ = {isa = PBXFileReference; lastKnownFileType = file.storyboard; name = Base; path = Base.lproj/LaunchScreen.storyboard; sourceTree = "<group>"; };
		84549D2023B61F6900DB06BF /* Info.plist */ = {isa = PBXFileReference; lastKnownFileType = text.plist.xml; path = Info.plist; sourceTree = "<group>"; };
		84549D2523B61F6900DB06BF /* SampleProjectTests.xctest */ = {isa = PBXFileReference; explicitFileType = wrapper.cfbundle; includeInIndex = 0; path = SampleProjectTests.xctest; sourceTree = BUILT_PRODUCTS_DIR; };
		84549D2923B61F6900DB06BF /* SampleProjectTests.swift */ = {isa = PBXFileReference; lastKnownFileType = sourcecode.swift; path = SampleProjectTests.swift; sourceTree = "<group>"; };
		84549D2B23B61F6900DB06BF /* Info.plist */ = {isa = PBXFileReference; lastKnownFileType = text.plist.xml; path = Info.plist; sourceTree = "<group>"; };
		84589B1724584037003ED483 /* Dependence.swift */ = {isa = PBXFileReference; fileEncoding = 4; lastKnownFileType = sourcecode.swift; path = Dependence.swift; sourceTree = "<group>"; };
		84589B2824584037003ED483 /* Storyboards.swift */ = {isa = PBXFileReference; fileEncoding = 4; lastKnownFileType = sourcecode.swift; path = Storyboards.swift; sourceTree = "<group>"; };
		847EF6AEA53F0A5C7B2A3DD4 /* Pods-SampleProject.debug.xcconfig */ = {isa = PBXFileReference; includeInIndex = 1; lastKnownFileType = text.xcconfig; name = "Pods-SampleProject.debug.xcconfig"; path = "Target Support Files/Pods-SampleProject/Pods-SampleProject.debug.xcconfig"; sourceTree = "<group>"; };
		9E5AC1646D15D6361C42BC2E /* Pods_SampleProject.framework */ = {isa = PBXFileReference; explicitFileType = wrapper.framework; includeInIndex = 0; path = Pods_SampleProject.framework; sourceTree = BUILT_PRODUCTS_DIR; };
/* End PBXFileReference section */

/* Begin PBXFrameworksBuildPhase section */
		84549D0C23B61F6500DB06BF /* Frameworks */ = {
			isa = PBXFrameworksBuildPhase;
			buildActionMask = 2147483647;
			files = (
				9BB251D769BBFCC2DB7F17E3 /* Pods_SampleProject.framework in Frameworks */,
			);
			runOnlyForDeploymentPostprocessing = 0;
		};
		84549D2223B61F6900DB06BF /* Frameworks */ = {
			isa = PBXFrameworksBuildPhase;
			buildActionMask = 2147483647;
			files = (
			);
			runOnlyForDeploymentPostprocessing = 0;
		};
/* End PBXFrameworksBuildPhase section */

/* Begin PBXGroup section */
		6411C4B15B48A34EC7B92414 /* Frameworks */ = {
			isa = PBXGroup;
			children = (
				9E5AC1646D15D6361C42BC2E /* Pods_SampleProject.framework */,
			);
			name = Frameworks;
			sourceTree = "<group>";
		};
		84549D0623B61F6500DB06BF = {
			isa = PBXGroup;
			children = (
				84549D1123B61F6500DB06BF /* SampleProject */,
				84549D2823B61F6900DB06BF /* SampleProjectTests */,
				84549D1023B61F6500DB06BF /* Products */,
				DAD8341DB194FFBB21CEF856 /* Pods */,
				6411C4B15B48A34EC7B92414 /* Frameworks */,
			);
			sourceTree = "<group>";
		};
		84549D1023B61F6500DB06BF /* Products */ = {
			isa = PBXGroup;
			children = (
				84549D0F23B61F6500DB06BF /* SampleProject.app */,
				84549D2523B61F6900DB06BF /* SampleProjectTests.xctest */,
			);
			name = Products;
			sourceTree = "<group>";
		};
		84549D1123B61F6500DB06BF /* SampleProject */ = {
			isa = PBXGroup;
			children = (
				84589B1A24584037003ED483 /* Platforms */,
				84589B1524584037003ED483 /* Public */,
				84549D1223B61F6500DB06BF /* AppDelegate.swift */,
				84549D1423B61F6500DB06BF /* SceneDelegate.swift */,
				84549D1623B61F6500DB06BF /* ViewController.swift */,
				84549D1823B61F6500DB06BF /* Main.storyboard */,
				84549D1B23B61F6900DB06BF /* Assets.xcassets */,
				84549D1D23B61F6900DB06BF /* LaunchScreen.storyboard */,
				84549D2023B61F6900DB06BF /* Info.plist */,
			);
			path = SampleProject;
			sourceTree = "<group>";
		};
		84549D2823B61F6900DB06BF /* SampleProjectTests */ = {
			isa = PBXGroup;
			children = (
				84549D2923B61F6900DB06BF /* SampleProjectTests.swift */,
				84549D2B23B61F6900DB06BF /* Info.plist */,
			);
			path = SampleProjectTests;
			sourceTree = "<group>";
		};
		84589B1524584037003ED483 /* Public */ = {
			isa = PBXGroup;
			children = (
				84589B1624584037003ED483 /* Dependences */,
				84589B1824584037003ED483 /* Models */,
				84589B1924584037003ED483 /* Services */,
			);
			path = Public;
			sourceTree = "<group>";
		};
		84589B1624584037003ED483 /* Dependences */ = {
			isa = PBXGroup;
			children = (
				84589B1724584037003ED483 /* Dependence.swift */,
			);
			path = Dependences;
			sourceTree = "<group>";
		};
		84589B1824584037003ED483 /* Models */ = {
			isa = PBXGroup;
			children = (
			);
			path = Models;
			sourceTree = "<group>";
		};
		84589B1924584037003ED483 /* Services */ = {
			isa = PBXGroup;
			children = (
			);
			path = Services;
			sourceTree = "<group>";
		};
		84589B1A24584037003ED483 /* Platforms */ = {
			isa = PBXGroup;
			children = (
				84589B1B24584037003ED483 /* iOS */,
			);
			path = Platforms;
			sourceTree = "<group>";
		};
		84589B1B24584037003ED483 /* iOS */ = {
			isa = PBXGroup;
			children = (
				84589B1C24584037003ED483 /* Resources */,
				84589B2124584037003ED483 /* Screens */,
				84589B2724584037003ED483 /* Storyboards */,
			);
			path = iOS;
			sourceTree = "<group>";
		};
		84589B1C24584037003ED483 /* Resources */ = {
			isa = PBXGroup;
			children = (
				84589B1D24584037003ED483 /* Fonts */,
				84589B1E24584037003ED483 /* Images */,
				84589B1F24584037003ED483 /* Localization */,
				84589B2024584037003ED483 /* Plists */,
			);
			path = Resources;
			sourceTree = "<group>";
		};
		84589B1D24584037003ED483 /* Fonts */ = {
			isa = PBXGroup;
			children = (
			);
			path = Fonts;
			sourceTree = "<group>";
		};
		84589B1E24584037003ED483 /* Images */ = {
			isa = PBXGroup;
			children = (
			);
			path = Images;
			sourceTree = "<group>";
		};
		84589B1F24584037003ED483 /* Localization */ = {
			isa = PBXGroup;
			children = (
			);
			path = Localization;
			sourceTree = "<group>";
		};
		84589B2024584037003ED483 /* Plists */ = {
			isa = PBXGroup;
			children = (
			);
			path = Plists;
			sourceTree = "<group>";
		};
		84589B2124584037003ED483 /* Screens */ = {
			isa = PBXGroup;
			children = (
				84589B2224584037003ED483 /* Base */,
				84589B2324584037003ED483 /* Central */,
			);
			path = Screens;
			sourceTree = "<group>";
		};
		84589B2224584037003ED483 /* Base */ = {
			isa = PBXGroup;
			children = (
			);
			path = Base;
			sourceTree = "<group>";
		};
		84589B2324584037003ED483 /* Central */ = {
			isa = PBXGroup;
			children = (
				84589B2424584037003ED483 /* DataSources */,
				84589B2524584037003ED483 /* ViewModels */,
				84589B2624584037003ED483 /* Views */,
			);
			path = Central;
			sourceTree = "<group>";
		};
		84589B2424584037003ED483 /* DataSources */ = {
			isa = PBXGroup;
			children = (
			);
			path = DataSources;
			sourceTree = "<group>";
		};
		84589B2524584037003ED483 /* ViewModels */ = {
			isa = PBXGroup;
			children = (
			);
			path = ViewModels;
			sourceTree = "<group>";
		};
		84589B2624584037003ED483 /* Views */ = {
			isa = PBXGroup;
			children = (
			);
			path = Views;
			sourceTree = "<group>";
		};
		84589B2724584037003ED483 /* Storyboards */ = {
			isa = PBXGroup;
			children = (
				84589B2824584037003ED483 /* Storyboards.swift */,
			);
			path = Storyboards;
			sourceTree = "<group>";
		};
		DAD8341DB194FFBB21CEF856 /* Pods */ = {
			isa = PBXGroup;
			children = (
				847EF6AEA53F0A5C7B2A3DD4 /* Pods-SampleProject.debug.xcconfig */,
				24DB2C1F43D45FF909B6364D /* Pods-SampleProject.release.xcconfig */,
			);
			path = Pods;
			sourceTree = "<group>";
		};
/* End PBXGroup section */

/* Begin PBXNativeTarget section */
		84549D0E23B61F6500DB06BF /* SampleProject */ = {
			isa = PBXNativeTarget;
			buildConfigurationList = 84549D2E23B61F6900DB06BF /* Build configuration list for PBXNativeTarget "SampleProject" */;
			buildPhases = (
				BBFF1B68A956DC192D6C69CF /* [CP] Check Pods Manifest.lock */,
				84549D0B23B61F6500DB06BF /* Sources */,
				84549D0C23B61F6500DB06BF /* Frameworks */,
				84549D0D23B61F6500DB06BF /* Resources */,
			);
			buildRules = (
			);
			dependencies = (
			);
			name = SampleProject;
			productName = SampleProject;
			productReference = 84549D0F23B61F6500DB06BF /* SampleProject.app */;
			productType = "com.apple.product-type.application";
		};
		84549D2423B61F6900DB06BF /* SampleProjectTests */ = {
			isa = PBXNativeTarget;
			buildConfigurationList = 84549D3123B61F6900DB06BF /* Build configuration list for PBXNativeTarget "SampleProjectTests" */;
			buildPhases = (
				84549D2123B61F6900DB06BF /* Sources */,
				84549D2223B61F6900DB06BF /* Frameworks */,
				84549D2323B61F6900DB06BF /* Resources */,
			);
			buildRules = (
			);
			dependencies = (
				84549D2723B61F6900DB06BF /* PBXTargetDependency */,
			);
			name = SampleProjectTests;
			productName = SampleProjectTests;
			productReference = 84549D2523B61F6900DB06BF /* SampleProjectTests.xctest */;
			productType = "com.apple.product-type.bundle.unit-test";
		};
/* End PBXNativeTarget section */

/* Begin PBXProject section */
		84549D0723B61F6500DB06BF /* Project object */ = {
			isa = PBXProject;
			attributes = {
				LastSwiftUpdateCheck = 1110;
				LastUpgradeCheck = 1110;
				ORGANIZATIONNAME = y4gamilight;
				TargetAttributes = {
					84549D0E23B61F6500DB06BF = {
						CreatedOnToolsVersion = 11.1;
					};
					84549D2423B61F6900DB06BF = {
						CreatedOnToolsVersion = 11.1;
						TestTargetID = 84549D0E23B61F6500DB06BF;
					};
				};
			};
			buildConfigurationList = 84549D0A23B61F6500DB06BF /* Build configuration list for PBXProject "SampleProject" */;
			compatibilityVersion = "Xcode 9.3";
			developmentRegion = en;
			hasScannedForEncodings = 0;
			knownRegions = (
				en,
				Base,
			);
			mainGroup = 84549D0623B61F6500DB06BF;
			productRefGroup = 84549D1023B61F6500DB06BF /* Products */;
			projectDirPath = "";
			projectRoot = "";
			targets = (
				84549D0E23B61F6500DB06BF /* SampleProject */,
				84549D2423B61F6900DB06BF /* SampleProjectTests */,
			);
		};
/* End PBXProject section */

/* Begin PBXResourcesBuildPhase section */
		84549D0D23B61F6500DB06BF /* Resources */ = {
			isa = PBXResourcesBuildPhase;
			buildActionMask = 2147483647;
			files = (
				84549D1F23B61F6900DB06BF /* LaunchScreen.storyboard in Resources */,
				84549D1C23B61F6900DB06BF /* Assets.xcassets in Resources */,
				84549D1A23B61F6500DB06BF /* Main.storyboard in Resources */,
			);
			runOnlyForDeploymentPostprocessing = 0;
		};
		84549D2323B61F6900DB06BF /* Resources */ = {
			isa = PBXResourcesBuildPhase;
			buildActionMask = 2147483647;
			files = (
			);
			runOnlyForDeploymentPostprocessing = 0;
		};
/* End PBXResourcesBuildPhase section */

/* Begin PBXShellScriptBuildPhase section */
		BBFF1B68A956DC192D6C69CF /* [CP] Check Pods Manifest.lock */ = {
			isa = PBXShellScriptBuildPhase;
			buildActionMask = 2147483647;
			files = (
			);
			inputFileListPaths = (
			);
			inputPaths = (
				"${PODS_PODFILE_DIR_PATH}/Podfile.lock",
				"${PODS_ROOT}/Manifest.lock",
			);
			name = "[CP] Check Pods Manifest.lock";
			outputFileListPaths = (
			);
			outputPaths = (
				"$(DERIVED_FILE_DIR)/Pods-SampleProject-checkManifestLockResult.txt",
			);
			runOnlyForDeploymentPostprocessing = 0;
			shellPath = /bin/sh;
			shellScript = "diff \"${PODS_PODFILE_DIR_PATH}/Podfile.lock\" \"${PODS_ROOT}/Manifest.lock\" > /dev/null\nif [ $? != 0 ] ; then\n    # print error to STDERR\n    echo \"error: The sandbox is not in sync with the Podfile.lock. Run 'pod install' or update your CocoaPods installation.\" >&2\n    exit 1\nfi\n# This output is used by Xcode 'outputs' to avoid re-running this script phase.\necho \"SUCCESS\" > \"${SCRIPT_OUTPUT_FILE_0}\"\n";
			showEnvVarsInLog = 0;
		};
/* End PBXShellScriptBuildPhase section */

/* Begin PBXSourcesBuildPhase section */
		84549D0B23B61F6500DB06BF /* Sources */ = {
			isa = PBXSourcesBuildPhase;
			buildActionMask = 2147483647;
			files = (
				84549D1723B61F6500DB06BF /* ViewController.swift in Sources */,
				84589B2A24584037003ED483 /* Storyboards.swift in Sources */,
				84549D1323B61F6500DB06BF /* AppDelegate.swift in Sources */,
				84589B2924584037003ED483 /* Dependence.swift in Sources */,
				84549D1523B61F6500DB06BF /* SceneDelegate.swift in Sources */,
			);
			runOnlyForDeploymentPostprocessing = 0;
		};
		84549D2123B61F6900DB06BF /* Sources */ = {
			isa = PBXSourcesBuildPhase;
			buildActionMask = 2147483647;
			files = (
				84549D2A23B61F6900DB06BF /* SampleProjectTests.swift in Sources */,
			);
			runOnlyForDeploymentPostprocessing = 0;
		};
/* End PBXSourcesBuildPhase section */

/* Begin PBXTargetDependency section */
		84549D2723B61F6900DB06BF /* PBXTargetDependency */ = {
			isa = PBXTargetDependency;
			target = 84549D0E23B61F6500DB06BF /* SampleProject */;
			targetProxy = 84549D2623B61F6900DB06BF /* PBXContainerItemProxy */;
		};
/* End PBXTargetDependency section */

/* Begin PBXVariantGroup section */
		84549D1823B61F6500DB06BF /* Main.storyboard */ = {
			isa = PBXVariantGroup;
			children = (
				84549D1923B61F6500DB06BF /* Base */,
			);
			name = Main.storyboard;
			sourceTree = "<group>";
		};
		84549D1D23B61F6900DB06BF /* LaunchScreen.storyboard */ = {
			isa = PBXVariantGroup;
			children = (
				84549D1E23B61F6900DB06BF /* Base */,
			);
			name = LaunchScreen.storyboard;
			sourceTree = "<group>";
		};
/* End PBXVariantGroup section */

/* Begin XCBuildConfiguration section */
		84549D2C23B61F6900DB06BF /* Debug */ = {
			isa = XCBuildConfiguration;
			buildSettings = {
				ALWAYS_SEARCH_USER_PATHS = NO;
				CLANG_ANALYZER_NONNULL = YES;
				CLANG_ANALYZER_NUMBER_OBJECT_CONVERSION = YES_AGGRESSIVE;
				CLANG_CXX_LANGUAGE_STANDARD = "gnu++14";
				CLANG_CXX_LIBRARY = "libc++";
				CLANG_ENABLE_MODULES = YES;
				CLANG_ENABLE_OBJC_ARC = YES;
				CLANG_ENABLE_OBJC_WEAK = YES;
				CLANG_WARN_BLOCK_CAPTURE_AUTORELEASING = YES;
				CLANG_WARN_BOOL_CONVERSION = YES;
				CLANG_WARN_COMMA = YES;
				CLANG_WARN_CONSTANT_CONVERSION = YES;
				CLANG_WARN_DEPRECATED_OBJC_IMPLEMENTATIONS = YES;
				CLANG_WARN_DIRECT_OBJC_ISA_USAGE = YES_ERROR;
				CLANG_WARN_DOCUMENTATION_COMMENTS = YES;
				CLANG_WARN_EMPTY_BODY = YES;
				CLANG_WARN_ENUM_CONVERSION = YES;
				CLANG_WARN_INFINITE_RECURSION = YES;
				CLANG_WARN_INT_CONVERSION = YES;
				CLANG_WARN_NON_LITERAL_NULL_CONVERSION = YES;
				CLANG_WARN_OBJC_IMPLICIT_RETAIN_SELF = YES;
				CLANG_WARN_OBJC_LITERAL_CONVERSION = YES;
				CLANG_WARN_OBJC_ROOT_CLASS = YES_ERROR;
				CLANG_WARN_RANGE_LOOP_ANALYSIS = YES;
				CLANG_WARN_STRICT_PROTOTYPES = YES;
				CLANG_WARN_SUSPICIOUS_MOVE = YES;
				CLANG_WARN_UNGUARDED_AVAILABILITY = YES_AGGRESSIVE;
				CLANG_WARN_UNREACHABLE_CODE = YES;
				CLANG_WARN__DUPLICATE_METHOD_MATCH = YES;
				COPY_PHASE_STRIP = NO;
				DEBUG_INFORMATION_FORMAT = dwarf;
				ENABLE_STRICT_OBJC_MSGSEND = YES;
				ENABLE_TESTABILITY = YES;
				GCC_C_LANGUAGE_STANDARD = gnu11;
				GCC_DYNAMIC_NO_PIC = NO;
				GCC_NO_COMMON_BLOCKS = YES;
				GCC_OPTIMIZATION_LEVEL = 0;
				GCC_PREPROCESSOR_DEFINITIONS = (
					"DEBUG=1",
					"$(inherited)",
				);
				GCC_WARN_64_TO_32_BIT_CONVERSION = YES;
				GCC_WARN_ABOUT_RETURN_TYPE = YES_ERROR;
				GCC_WARN_UNDECLARED_SELECTOR = YES;
				GCC_WARN_UNINITIALIZED_AUTOS = YES_AGGRESSIVE;
				GCC_WARN_UNUSED_FUNCTION = YES;
				GCC_WARN_UNUSED_VARIABLE = YES;
				IPHONEOS_DEPLOYMENT_TARGET = 13.1;
				MTL_ENABLE_DEBUG_INFO = INCLUDE_SOURCE;
				MTL_FAST_MATH = YES;
				ONLY_ACTIVE_ARCH = YES;
				SDKROOT = iphoneos;
				SWIFT_ACTIVE_COMPILATION_CONDITIONS = DEBUG;
				SWIFT_OPTIMIZATION_LEVEL = "-Onone";
			};
			name = Debug;
		};
		84549D2D23B61F6900DB06BF /* Release */ = {
			isa = XCBuildConfiguration;
			buildSettings = {
				ALWAYS_SEARCH_USER_PATHS = NO;
				CLANG_ANALYZER_NONNULL = YES;
				CLANG_ANALYZER_NUMBER_OBJECT_CONVERSION = YES_AGGRESSIVE;
				CLANG_CXX_LANGUAGE_STANDARD = "gnu++14";
				CLANG_CXX_LIBRARY = "libc++";
				CLANG_ENABLE_MODULES = YES;
				CLANG_ENABLE_OBJC_ARC = YES;
				CLANG_ENABLE_OBJC_WEAK = YES;
				CLANG_WARN_BLOCK_CAPTURE_AUTORELEASING = YES;
				CLANG_WARN_BOOL_CONVERSION = YES;
				CLANG_WARN_COMMA = YES;
				CLANG_WARN_CONSTANT_CONVERSION = YES;
				CLANG_WARN_DEPRECATED_OBJC_IMPLEMENTATIONS = YES;
				CLANG_WARN_DIRECT_OBJC_ISA_USAGE = YES_ERROR;
				CLANG_WARN_DOCUMENTATION_COMMENTS = YES;
				CLANG_WARN_EMPTY_BODY = YES;
				CLANG_WARN_ENUM_CONVERSION = YES;
				CLANG_WARN_INFINITE_RECURSION = YES;
				CLANG_WARN_INT_CONVERSION = YES;
				CLANG_WARN_NON_LITERAL_NULL_CONVERSION = YES;
				CLANG_WARN_OBJC_IMPLICIT_RETAIN_SELF = YES;
				CLANG_WARN_OBJC_LITERAL_CONVERSION = YES;
				CLANG_WARN_OBJC_ROOT_CLASS = YES_ERROR;
				CLANG_WARN_RANGE_LOOP_ANALYSIS = YES;
				CLANG_WARN_STRICT_PROTOTYPES = YES;
				CLANG_WARN_SUSPICIOUS_MOVE = YES;
				CLANG_WARN_UNGUARDED_AVAILABILITY = YES_AGGRESSIVE;
				CLANG_WARN_UNREACHABLE_CODE = YES;
				CLANG_WARN__DUPLICATE_METHOD_MATCH = YES;
				COPY_PHASE_STRIP = NO;
				DEBUG_INFORMATION_FORMAT = "dwarf-with-dsym";
				ENABLE_NS_ASSERTIONS = NO;
				ENABLE_STRICT_OBJC_MSGSEND = YES;
				GCC_C_LANGUAGE_STANDARD = gnu11;
				GCC_NO_COMMON_BLOCKS = YES;
				GCC_WARN_64_TO_32_BIT_CONVERSION = YES;
				GCC_WARN_ABOUT_RETURN_TYPE = YES_ERROR;
				GCC_WARN_UNDECLARED_SELECTOR = YES;
				GCC_WARN_UNINITIALIZED_AUTOS = YES_AGGRESSIVE;
				GCC_WARN_UNUSED_FUNCTION = YES;
				GCC_WARN_UNUSED_VARIABLE = YES;
				IPHONEOS_DEPLOYMENT_TARGET = 13.1;
				MTL_ENABLE_DEBUG_INFO = NO;
				MTL_FAST_MATH = YES;
				SDKROOT = iphoneos;
				SWIFT_COMPILATION_MODE = wholemodule;
				SWIFT_OPTIMIZATION_LEVEL = "-O";
				VALIDATE_PRODUCT = YES;
			};
			name = Release;
		};
		84549D2F23B61F6900DB06BF /* Debug */ = {
			isa = XCBuildConfiguration;
			baseConfigurationReference = 847EF6AEA53F0A5C7B2A3DD4 /* Pods-SampleProject.debug.xcconfig */;
			buildSettings = {
				ASSETCATALOG_COMPILER_APPICON_NAME = AppIcon;
				CODE_SIGN_STYLE = Automatic;
				INFOPLIST_FILE = SampleProject/Info.plist;
				LD_RUNPATH_SEARCH_PATHS = (
					"$(inherited)",
					"@executable_path/Frameworks",
				);
				PRODUCT_BUNDLE_IDENTIFIER = faba.project.SampleProject;
				PRODUCT_NAME = "$(TARGET_NAME)";
				SWIFT_VERSION = 5.0;
				TARGETED_DEVICE_FAMILY = "1,2";
			};
			name = Debug;
		};
		84549D3023B61F6900DB06BF /* Release */ = {
			isa = XCBuildConfiguration;
			baseConfigurationReference = 24DB2C1F43D45FF909B6364D /* Pods-SampleProject.release.xcconfig */;
			buildSettings = {
				ASSETCATALOG_COMPILER_APPICON_NAME = AppIcon;
				CODE_SIGN_STYLE = Automatic;
				INFOPLIST_FILE = SampleProject/Info.plist;
				LD_RUNPATH_SEARCH_PATHS = (
					"$(inherited)",
					"@executable_path/Frameworks",
				);
				PRODUCT_BUNDLE_IDENTIFIER = faba.project.SampleProject;
				PRODUCT_NAME = "$(TARGET_NAME)";
				SWIFT_VERSION = 5.0;
				TARGETED_DEVICE_FAMILY = "1,2";
			};
			name = Release;
		};
		84549D3223B61F6900DB06BF /* Debug */ = {
			isa = XCBuildConfiguration;
			buildSettings = {
				ALWAYS_EMBED_SWIFT_STANDARD_LIBRARIES = YES;
				BUNDLE_LOADER = "$(TEST_HOST)";
				CODE_SIGN_STYLE = Automatic;
				INFOPLIST_FILE = SampleProjectTests/Info.plist;
				IPHONEOS_DEPLOYMENT_TARGET = 13.1;
				LD_RUNPATH_SEARCH_PATHS = (
					"$(inherited)",
					"@executable_path/Frameworks",
					"@loader_path/Frameworks",
				);
				PRODUCT_BUNDLE_IDENTIFIER = faba.project.SampleProjectTests;
				PRODUCT_NAME = "$(TARGET_NAME)";
				SWIFT_VERSION = 5.0;
				TARGETED_DEVICE_FAMILY = "1,2";
				TEST_HOST = "$(BUILT_PRODUCTS_DIR)/SampleProject.app/SampleProject";
			};
			name = Debug;
		};
		84549D3323B61F6900DB06BF /* Release */ = {
			isa = XCBuildConfiguration;
			buildSettings = {
				ALWAYS_EMBED_SWIFT_STANDARD_LIBRARIES = YES;
				BUNDLE_LOADER = "$(TEST_HOST)";
				CODE_SIGN_STYLE = Automatic;
				INFOPLIST_FILE = SampleProjectTests/Info.plist;
				IPHONEOS_DEPLOYMENT_TARGET = 13.1;
				LD_RUNPATH_SEARCH_PATHS = (
					"$(inherited)",
					"@executable_path/Frameworks",
					"@loader_path/Frameworks",
				);
				PRODUCT_BUNDLE_IDENTIFIER = faba.project.SampleProjectTests;
				PRODUCT_NAME = "$(TARGET_NAME)";
				SWIFT_VERSION = 5.0;
				TARGETED_DEVICE_FAMILY = "1,2";
				TEST_HOST = "$(BUILT_PRODUCTS_DIR)/SampleProject.app/SampleProject";
			};
			name = Release;
		};
/* End XCBuildConfiguration section */

/* Begin XCConfigurationList section */
		84549D0A23B61F6500DB06BF /* Build configuration list for PBXProject "SampleProject" */ = {
			isa = XCConfigurationList;
			buildConfigurations = (
				84549D2C23B61F6900DB06BF /* Debug */,
				84549D2D23B61F6900DB06BF /* Release */,
			);
			defaultConfigurationIsVisible = 0;
			defaultConfigurationName = Release;
		};
		84549D2E23B61F6900DB06BF /* Build configuration list for PBXNativeTarget "SampleProject" */ = {
			isa = XCConfigurationList;
			buildConfigurations = (
				84549D2F23B61F6900DB06BF /* Debug */,
				84549D3023B61F6900DB06BF /* Release */,
			);
			defaultConfigurationIsVisible = 0;
			defaultConfigurationName = Release;
		};
		84549D3123B61F6900DB06BF /* Build configuration list for PBXNativeTarget "SampleProjectTests" */ = {
			isa = XCConfigurationList;
			buildConfigurations = (
				84549D3223B61F6900DB06BF /* Debug */,
				84549D3323B61F6900DB06BF /* Release */,
			);
			defaultConfigurationIsVisible = 0;
			defaultConfigurationName = Release;
		};
/* End XCConfigurationList section */
	};
	rootObject = 84549D0723B61F6500DB06BF /* Project object */;
}
